
Microsoft Visual Studio Solution File, Format Version 12.00
# Visual Studio Version 17
VisualStudioVersion = 17.9.34728.123
MinimumVisualStudioVersion = 10.0.40219.1
Project("{9A19103F-16F7-4668-BE54-9A1E7A4F7556}") = "FtpWebRequestExtension", "FtpWebRequestExtension\FtpWebRequestExtension.csproj", "{CBA263D1-0FD6-4A07-9955-0947E4957BA2}"
EndProject
Project("{9A19103F-16F7-4668-BE54-9A1E7A4F7556}") = "FtpWebRequestExtensionTests", "FtpWebRequestExtensionTests\FtpWebRequestExtensionTests.csproj", "{63F80297-CC2A-4E6A-A2C3-D037FE0E5DE0}"
EndProject
Global
	GlobalSection(SolutionConfigurationPlatforms) = preSolution
		Debug|Any CPU = Debug|Any CPU
		Release|Any CPU = Release|Any CPU
	EndGlobalSection
	GlobalSection(ProjectConfigurationPlatforms) = postSolution
		{CBA263D1-0FD6-4A07-9955-0947E4957BA2}.Debug|Any CPU.ActiveCfg = Debug|Any CPU
		{CBA263D1-0FD6-4A07-9955-0947E4957BA2}.Debug|Any CPU.Build.0 = Debug|Any CPU
		{CBA263D1-0FD6-4A07-9955-0947E4957BA2}.Release|Any CPU.ActiveCfg = Release|Any CPU
		{CBA263D1-0FD6-4A07-9955-0947E4957BA2}.Release|Any CPU.Build.0 = Release|Any CPU
		{63F80297-CC2A-4E6A-A2C3-D037FE0E5DE0}.Debug|Any CPU.ActiveCfg = Debug|Any CPU
		{63F80297-CC2A-4E6A-A2C3-D037FE0E5DE0}.Debug|Any CPU.Build.0 = Debug|Any CPU
		{63F80297-CC2A-4E6A-A2C3-D037FE0E5DE0}.Release|Any CPU.ActiveCfg = Release|Any CPU
		{63F80297-CC2A-4E6A-A2C3-D037FE0E5DE0}.Release|Any CPU.Build.0 = Release|Any CPU
	EndGlobalSection
	GlobalSection(SolutionProperties) = preSolution
		HideSolutionNode = FALSE
	EndGlobalSection
	GlobalSection(ExtensibilityGlobals) = postSolution
		SolutionGuid = {1D013FB9-24F6-4661-90FA-1F084FA48418}
	EndGlobalSection
EndGlobal
